{
  "nodes": {
    "nixpkgs": {
      "locked": {
        "lastModified": 1687555006,
        "narHash": "sha256-GD2Kqb/DXQBRJcHqkM2qFZqbVenyO7Co/80JHRMg2U0=",
        "owner": "NixOS",
        "repo": "nixpkgs",
        "rev": "33223d479ffde3d05ac16c6dff04ae43cc27e577",
        "type": "github"
      },
      "original": {
        "owner": "NixOS",
        "ref": "nixos-23.05",
        "repo": "nixpkgs",
        "type": "github"
      }
    },
    "nixpkgs-unstable": {
      "locked": {
        "lastModified": 1687518131,
        "narHash": "sha256-KirltRIc4SFfk8bTNudIqgKAALH5oqpW3PefmkfWK5M=",
        "owner": "NixOS",
        "repo": "nixpkgs",
        "rev": "3d8a93602bc54ece7a4e689d9aea1a574e2bbc24",
        "type": "github"
      },
      "original": {
        "id": "nixpkgs",
        "type": "indirect"
      }
    },
    "root": {
      "inputs": {
        "nixpkgs": "nixpkgs",
        "nixpkgs-unstable": "nixpkgs-unstable"
      }
    }
  },
  "root": "root",
  "version": 7
}
