{
  "nodes": {
    "nixpkgs": {
      "locked": {
        "lastModified": 1663067291,
        "narHash": "sha256-1BTrqhLMamWf53sJobtMiUDI91PEw6xF8YEwg2VE8w4=",
        "owner": "NixOS",
        "repo": "nixpkgs",
        "rev": "d86a4619b7e80bddb6c01bc01a954f368c56d1df",
        "type": "github"
      },
      "original": {
        "owner": "NixOS",
        "ref": "nixos-22.05",
        "repo": "nixpkgs",
        "type": "github"
      }
    },
    "nixpkgs-unstable": {
      "locked": {
        "lastModified": 1676209454,
        "narHash": "sha256-alj9mBkV9U6tTPDK026671D2pesLSYZZc9j5dBZJ9f0=",
        "owner": "NixOS",
        "repo": "nixpkgs",
        "rev": "8c619a1f3cedd16ea172146e30645e703d21bfc1",
        "type": "github"
      },
      "original": {
        "id": "nixpkgs",
        "type": "indirect"
      }
    },
    "root": {
      "inputs": {
        "nixpkgs": "nixpkgs",
        "nixpkgs-unstable": "nixpkgs-unstable"
      }
    }
  },
  "root": "root",
  "version": 7
}
